
Microsoft Visual Studio Solution File, Format Version 12.00
# Visual Studio 15
VisualStudioVersion = 15.0.28307.902
MinimumVisualStudioVersion = 10.0.40219.1
Project("{FAE04EC0-301F-11D3-BF4B-00C04F79EFBC}") = "home3.1", "home3.1\home3.1.csproj", "{51204D80-5BBE-48ED-8A6D-2F8B5404B6FC}"
EndProject
Global
	GlobalSection(SolutionConfigurationPlatforms) = preSolution
		Debug|Any CPU = Debug|Any CPU
		Release|Any CPU = Release|Any CPU
	EndGlobalSection
	GlobalSection(ProjectConfigurationPlatforms) = postSolution
		{51204D80-5BBE-48ED-8A6D-2F8B5404B6FC}.Debug|Any CPU.ActiveCfg = Debug|Any CPU
		{51204D80-5BBE-48ED-8A6D-2F8B5404B6FC}.Debug|Any CPU.Build.0 = Debug|Any CPU
		{51204D80-5BBE-48ED-8A6D-2F8B5404B6FC}.Release|Any CPU.ActiveCfg = Release|Any CPU
		{51204D80-5BBE-48ED-8A6D-2F8B5404B6FC}.Release|Any CPU.Build.0 = Release|Any CPU
	EndGlobalSection
	GlobalSection(SolutionProperties) = preSolution
		HideSolutionNode = FALSE
	EndGlobalSection
	GlobalSection(ExtensibilityGlobals) = postSolution
		SolutionGuid = {C50D332D-573E-4C6D-B8CF-EDBDD7868725}
	EndGlobalSection
EndGlobal
